
Microsoft Visual Studio Solution File, Format Version 12.00
# Visual Studio 14
VisualStudioVersion = 14.0.25420.1
MinimumVisualStudioVersion = 10.0.40219.1
Project("{FAE04EC0-301F-11D3-BF4B-00C04F79EFBC}") = "Ejercicio1", "Ejercicio1\Ejercicio1.csproj", "{DC22EBED-E218-4D64-8023-8D41C6282898}"
EndProject
Project("{FAE04EC0-301F-11D3-BF4B-00C04F79EFBC}") = "Ejercicio2", "Ejercicio2\Ejercicio2.csproj", "{278A34D9-0480-4E05-AEDA-47FAD395DFA3}"
EndProject
Project("{FAE04EC0-301F-11D3-BF4B-00C04F79EFBC}") = "Ejercicio3", "Ejercicio3\Ejercicio3.csproj", "{DA9E10A7-81CD-49D7-BAC0-370D612E2C04}"
EndProject
Global
	GlobalSection(SolutionConfigurationPlatforms) = preSolution
		Debug|Any CPU = Debug|Any CPU
		Release|Any CPU = Release|Any CPU
	EndGlobalSection
	GlobalSection(ProjectConfigurationPlatforms) = postSolution
		{DC22EBED-E218-4D64-8023-8D41C6282898}.Debug|Any CPU.ActiveCfg = Debug|Any CPU
		{DC22EBED-E218-4D64-8023-8D41C6282898}.Debug|Any CPU.Build.0 = Debug|Any CPU
		{DC22EBED-E218-4D64-8023-8D41C6282898}.Release|Any CPU.ActiveCfg = Release|Any CPU
		{DC22EBED-E218-4D64-8023-8D41C6282898}.Release|Any CPU.Build.0 = Release|Any CPU
		{278A34D9-0480-4E05-AEDA-47FAD395DFA3}.Debug|Any CPU.ActiveCfg = Debug|Any CPU
		{278A34D9-0480-4E05-AEDA-47FAD395DFA3}.Debug|Any CPU.Build.0 = Debug|Any CPU
		{278A34D9-0480-4E05-AEDA-47FAD395DFA3}.Release|Any CPU.ActiveCfg = Release|Any CPU
		{278A34D9-0480-4E05-AEDA-47FAD395DFA3}.Release|Any CPU.Build.0 = Release|Any CPU
		{DA9E10A7-81CD-49D7-BAC0-370D612E2C04}.Debug|Any CPU.ActiveCfg = Debug|Any CPU
		{DA9E10A7-81CD-49D7-BAC0-370D612E2C04}.Debug|Any CPU.Build.0 = Debug|Any CPU
		{DA9E10A7-81CD-49D7-BAC0-370D612E2C04}.Release|Any CPU.ActiveCfg = Release|Any CPU
		{DA9E10A7-81CD-49D7-BAC0-370D612E2C04}.Release|Any CPU.Build.0 = Release|Any CPU
	EndGlobalSection
	GlobalSection(SolutionProperties) = preSolution
		HideSolutionNode = FALSE
	EndGlobalSection
EndGlobal
